
Microsoft Visual Studio Solution File, Format Version 12.00
# Visual Studio Version 17
VisualStudioVersion = 17.7.33913.275
MinimumVisualStudioVersion = 10.0.40219.1
Project("{9A19103F-16F7-4668-BE54-9A1E7A4F7556}") = "WpfApp.Learn", "WpfApp.Learn\WpfApp.Learn.csproj", "{1019C7E5-B483-459E-B593-8E046EACCFDA}"
EndProject
Project("{FAE04EC0-301F-11D3-BF4B-00C04F79EFBC}") = "WpfApp.WindowsOld", "WpfApp.WindowsOld\WpfApp.WindowsOld.csproj", "{0456FF2A-0E23-464B-BCC7-79494B11DD66}"
EndProject
Global
	GlobalSection(SolutionConfigurationPlatforms) = preSolution
		Debug|Any CPU = Debug|Any CPU
		Release|Any CPU = Release|Any CPU
	EndGlobalSection
	GlobalSection(ProjectConfigurationPlatforms) = postSolution
		{1019C7E5-B483-459E-B593-8E046EACCFDA}.Debug|Any CPU.ActiveCfg = Debug|Any CPU
		{1019C7E5-B483-459E-B593-8E046EACCFDA}.Debug|Any CPU.Build.0 = Debug|Any CPU
		{1019C7E5-B483-459E-B593-8E046EACCFDA}.Release|Any CPU.ActiveCfg = Release|Any CPU
		{1019C7E5-B483-459E-B593-8E046EACCFDA}.Release|Any CPU.Build.0 = Release|Any CPU
		{0456FF2A-0E23-464B-BCC7-79494B11DD66}.Debug|Any CPU.ActiveCfg = Debug|Any CPU
		{0456FF2A-0E23-464B-BCC7-79494B11DD66}.Debug|Any CPU.Build.0 = Debug|Any CPU
		{0456FF2A-0E23-464B-BCC7-79494B11DD66}.Release|Any CPU.ActiveCfg = Release|Any CPU
		{0456FF2A-0E23-464B-BCC7-79494B11DD66}.Release|Any CPU.Build.0 = Release|Any CPU
	EndGlobalSection
	GlobalSection(SolutionProperties) = preSolution
		HideSolutionNode = FALSE
	EndGlobalSection
	GlobalSection(ExtensibilityGlobals) = postSolution
		SolutionGuid = {B5B6DF06-7DB6-41E9-B684-53F3BD164436}
	EndGlobalSection
EndGlobal
